
Microsoft Visual Studio Solution File, Format Version 12.00
# Visual Studio Version 17
VisualStudioVersion = 17.5.33530.505
MinimumVisualStudioVersion = 10.0.40219.1
Project("{9A19103F-16F7-4668-BE54-9A1E7A4F7556}") = "AplicationACF", "AplicationACF.csproj", "{1856AFF9-CCE6-48AE-912E-CB2A7A09A771}"
EndProject
Project("{2150E333-8FDC-42A3-9474-1A3956D46DE8}") = "AplicacionDeNumeros", "AplicacionDeNumeros", "{714BA193-B65E-4F15-B468-815DC2AA7C01}"
	ProjectSection(SolutionItems) = preProject
		NumerosALetras.cs = NumerosALetras.cs
	EndProjectSection
EndProject
Global
	GlobalSection(SolutionConfigurationPlatforms) = preSolution
		Debug|Any CPU = Debug|Any CPU
		Release|Any CPU = Release|Any CPU
	EndGlobalSection
	GlobalSection(ProjectConfigurationPlatforms) = postSolution
		{1856AFF9-CCE6-48AE-912E-CB2A7A09A771}.Debug|Any CPU.ActiveCfg = Debug|Any CPU
		{1856AFF9-CCE6-48AE-912E-CB2A7A09A771}.Debug|Any CPU.Build.0 = Debug|Any CPU
		{1856AFF9-CCE6-48AE-912E-CB2A7A09A771}.Release|Any CPU.ActiveCfg = Release|Any CPU
		{1856AFF9-CCE6-48AE-912E-CB2A7A09A771}.Release|Any CPU.Build.0 = Release|Any CPU
	EndGlobalSection
	GlobalSection(SolutionProperties) = preSolution
		HideSolutionNode = FALSE
	EndGlobalSection
	GlobalSection(ExtensibilityGlobals) = postSolution
		SolutionGuid = {72D0693A-37A6-4644-B6C2-793E269ED24D}
	EndGlobalSection
EndGlobal
